
Microsoft Visual Studio Solution File, Format Version 12.00
# Visual Studio Version 17
VisualStudioVersion = 17.9.34728.123
MinimumVisualStudioVersion = 10.0.40219.1
Project("{9A19103F-16F7-4668-BE54-9A1E7A4F7556}") = "CsvTool", "CsvTool.csproj", "{5145B194-BF70-4D2D-8F8A-29481BAE91CB}"
EndProject
Project("{54435603-DBB4-11D2-8724-00A0C9A8B90C}") = "Csv Tool", "..\Csv Tool\Csv Tool.vdproj", "{2CAFBD43-3529-4599-AE8E-70B80713654C}"
EndProject
Global
	GlobalSection(SolutionConfigurationPlatforms) = preSolution
		Debug|Any CPU = Debug|Any CPU
		Release|Any CPU = Release|Any CPU
	EndGlobalSection
	GlobalSection(ProjectConfigurationPlatforms) = postSolution
		{5145B194-BF70-4D2D-8F8A-29481BAE91CB}.Debug|Any CPU.ActiveCfg = Debug|Any CPU
		{5145B194-BF70-4D2D-8F8A-29481BAE91CB}.Debug|Any CPU.Build.0 = Debug|Any CPU
		{5145B194-BF70-4D2D-8F8A-29481BAE91CB}.Release|Any CPU.ActiveCfg = Release|Any CPU
		{5145B194-BF70-4D2D-8F8A-29481BAE91CB}.Release|Any CPU.Build.0 = Release|Any CPU
		{2CAFBD43-3529-4599-AE8E-70B80713654C}.Debug|Any CPU.ActiveCfg = Debug
		{2CAFBD43-3529-4599-AE8E-70B80713654C}.Release|Any CPU.ActiveCfg = Release
	EndGlobalSection
	GlobalSection(SolutionProperties) = preSolution
		HideSolutionNode = FALSE
	EndGlobalSection
	GlobalSection(ExtensibilityGlobals) = postSolution
		SolutionGuid = {8AAC5B5D-D735-43F0-843C-3DC3EB7648F6}
	EndGlobalSection
EndGlobal
