
Microsoft Visual Studio Solution File, Format Version 12.00
# Visual Studio Version 17
VisualStudioVersion = 17.9.34728.123
MinimumVisualStudioVersion = 10.0.40219.1
Project("{FAE04EC0-301F-11D3-BF4B-00C04F79EFBC}") = "CsvTool", "CsvTool.csproj", "{5145B194-BF70-4D2D-8F8A-29481BAE91CB}"
EndProject
Global
	GlobalSection(SolutionConfigurationPlatforms) = preSolution
		Debug|Any CPU = Debug|Any CPU
		Release|Any CPU = Release|Any CPU
	EndGlobalSection
	GlobalSection(ProjectConfigurationPlatforms) = postSolution
		{5145B194-BF70-4D2D-8F8A-29481BAE91CB}.Debug|Any CPU.ActiveCfg = Debug|Any CPU
		{5145B194-BF70-4D2D-8F8A-29481BAE91CB}.Debug|Any CPU.Build.0 = Debug|Any CPU
		{5145B194-BF70-4D2D-8F8A-29481BAE91CB}.Release|Any CPU.ActiveCfg = Release|Any CPU
		{5145B194-BF70-4D2D-8F8A-29481BAE91CB}.Release|Any CPU.Build.0 = Release|Any CPU
	EndGlobalSection
	GlobalSection(SolutionProperties) = preSolution
		HideSolutionNode = FALSE
	EndGlobalSection
	GlobalSection(ExtensibilityGlobals) = postSolution
		SolutionGuid = {8AAC5B5D-D735-43F0-843C-3DC3EB7648F6}
	EndGlobalSection
EndGlobal
